{
  "pins" : [
    {
      "identity" : "alamofire",
      "kind" : "remoteSourceControl",
      "location" : "https://github.com/Alamofire/Alamofire",
      "state" : {
        "revision" : "3dc6a42c7727c49bf26508e29b0a0b35f9c7e1ad",
        "version" : "5.8.1"
      }
    },
    {
      "identity" : "nmapsmap",
      "kind" : "remoteSourceControl",
      "location" : "https://github.com/jaemyeong/NMapsMap",
      "state" : {
        "revision" : "f312d23488d4a15a3a9cc27e66dc5afa3afc0145",
        "version" : "3.17.0"
      }
    }
  ],
  "version" : 2
}
