// !$*UTF8*$!
{
	archiveVersion = 1;
	classes = {
	};
	objectVersion = 56;
	objects = {

/* Begin PBXBuildFile section */
		4814314F2B1B17270018EF44 /* MapCont.swift in Sources */ = {isa = PBXBuildFile; fileRef = 4814314E2B1B17270018EF44 /* MapCont.swift */; };
		481431522B1B18F90018EF44 /* NMapsMap in Frameworks */ = {isa = PBXBuildFile; productRef = 481431512B1B18F90018EF44 /* NMapsMap */; };
		481431542B1B20230018EF44 /* MapContDetail.swift in Sources */ = {isa = PBXBuildFile; fileRef = 481431532B1B20230018EF44 /* MapContDetail.swift */; };
		4861A5012B1B44FA00BE3B94 /* ReviewCont.swift in Sources */ = {isa = PBXBuildFile; fileRef = 4861A5002B1B44FA00BE3B94 /* ReviewCont.swift */; };
		4861A5032B1B45EE00BE3B94 /* TableViewCell.swift in Sources */ = {isa = PBXBuildFile; fileRef = 4861A5022B1B45EE00BE3B94 /* TableViewCell.swift */; };
		48BC91CB2B16CE09008D10C6 /* AppDelegate.swift in Sources */ = {isa = PBXBuildFile; fileRef = 48BC91CA2B16CE09008D10C6 /* AppDelegate.swift */; };
		48BC91CD2B16CE09008D10C6 /* SceneDelegate.swift in Sources */ = {isa = PBXBuildFile; fileRef = 48BC91CC2B16CE09008D10C6 /* SceneDelegate.swift */; };
		48BC91CF2B16CE09008D10C6 /* ViewController.swift in Sources */ = {isa = PBXBuildFile; fileRef = 48BC91CE2B16CE09008D10C6 /* ViewController.swift */; };
		48BC91D22B16CE09008D10C6 /* Main.storyboard in Resources */ = {isa = PBXBuildFile; fileRef = 48BC91D02B16CE09008D10C6 /* Main.storyboard */; };
		48BC91D42B16CE0A008D10C6 /* Assets.xcassets in Resources */ = {isa = PBXBuildFile; fileRef = 48BC91D32B16CE0A008D10C6 /* Assets.xcassets */; };
		48BC91D72B16CE0A008D10C6 /* LaunchScreen.storyboard in Resources */ = {isa = PBXBuildFile; fileRef = 48BC91D52B16CE0A008D10C6 /* LaunchScreen.storyboard */; };
		48BC91E22B16CE0A008D10C6 /* GreenCycleTests.swift in Sources */ = {isa = PBXBuildFile; fileRef = 48BC91E12B16CE0A008D10C6 /* GreenCycleTests.swift */; };
		48BC91EC2B16CE0A008D10C6 /* GreenCycleUITests.swift in Sources */ = {isa = PBXBuildFile; fileRef = 48BC91EB2B16CE0A008D10C6 /* GreenCycleUITests.swift */; };
		48BC91EE2B16CE0A008D10C6 /* GreenCycleUITestsLaunchTests.swift in Sources */ = {isa = PBXBuildFile; fileRef = 48BC91ED2B16CE0A008D10C6 /* GreenCycleUITestsLaunchTests.swift */; };
		48BC920B2B16D181008D10C6 /* JetBrainsMono-Light.ttf in Resources */ = {isa = PBXBuildFile; fileRef = 48BC91FB2B16D180008D10C6 /* JetBrainsMono-Light.ttf */; };
		48BC920C2B16D181008D10C6 /* JetBrainsMono-Regular.ttf in Resources */ = {isa = PBXBuildFile; fileRef = 48BC91FC2B16D180008D10C6 /* JetBrainsMono-Regular.ttf */; };
		48BC920D2B16D181008D10C6 /* JetBrainsMono-ThinItalic.ttf in Resources */ = {isa = PBXBuildFile; fileRef = 48BC91FD2B16D180008D10C6 /* JetBrainsMono-ThinItalic.ttf */; };
		48BC920E2B16D181008D10C6 /* JetBrainsMono-Medium.ttf in Resources */ = {isa = PBXBuildFile; fileRef = 48BC91FE2B16D181008D10C6 /* JetBrainsMono-Medium.ttf */; };
		48BC920F2B16D181008D10C6 /* JetBrainsMono-BoldItalic.ttf in Resources */ = {isa = PBXBuildFile; fileRef = 48BC91FF2B16D181008D10C6 /* JetBrainsMono-BoldItalic.ttf */; };
		48BC92102B16D181008D10C6 /* JetBrainsMono-SemiBold.ttf in Resources */ = {isa = PBXBuildFile; fileRef = 48BC92002B16D181008D10C6 /* JetBrainsMono-SemiBold.ttf */; };
		48BC92112B16D181008D10C6 /* JetBrainsMono-ExtraBoldItalic.ttf in Resources */ = {isa = PBXBuildFile; fileRef = 48BC92012B16D181008D10C6 /* JetBrainsMono-ExtraBoldItalic.ttf */; };
		48BC92122B16D181008D10C6 /* JetBrainsMono-ExtraBold.ttf in Resources */ = {isa = PBXBuildFile; fileRef = 48BC92022B16D181008D10C6 /* JetBrainsMono-ExtraBold.ttf */; };
		48BC92132B16D181008D10C6 /* JetBrainsMono-MediumItalic.ttf in Resources */ = {isa = PBXBuildFile; fileRef = 48BC92032B16D181008D10C6 /* JetBrainsMono-MediumItalic.ttf */; };
		48BC92142B16D181008D10C6 /* JetBrainsMono-ExtraLightItalic.ttf in Resources */ = {isa = PBXBuildFile; fileRef = 48BC92042B16D181008D10C6 /* JetBrainsMono-ExtraLightItalic.ttf */; };
		48BC92152B16D181008D10C6 /* JetBrainsMono-Italic.ttf in Resources */ = {isa = PBXBuildFile; fileRef = 48BC92052B16D181008D10C6 /* JetBrainsMono-Italic.ttf */; };
		48BC92162B16D181008D10C6 /* JetBrainsMono-SemiBoldItalic.ttf in Resources */ = {isa = PBXBuildFile; fileRef = 48BC92062B16D181008D10C6 /* JetBrainsMono-SemiBoldItalic.ttf */; };
		48BC92172B16D181008D10C6 /* JetBrainsMono-Thin.ttf in Resources */ = {isa = PBXBuildFile; fileRef = 48BC92072B16D181008D10C6 /* JetBrainsMono-Thin.ttf */; };
		48BC92182B16D181008D10C6 /* JetBrainsMono-ExtraLight.ttf in Resources */ = {isa = PBXBuildFile; fileRef = 48BC92082B16D181008D10C6 /* JetBrainsMono-ExtraLight.ttf */; };
		48BC92192B16D181008D10C6 /* JetBrainsMono-Bold.ttf in Resources */ = {isa = PBXBuildFile; fileRef = 48BC92092B16D181008D10C6 /* JetBrainsMono-Bold.ttf */; };
		48BC921A2B16D181008D10C6 /* JetBrainsMono-LightItalic.ttf in Resources */ = {isa = PBXBuildFile; fileRef = 48BC920A2B16D181008D10C6 /* JetBrainsMono-LightItalic.ttf */; };
/* End PBXBuildFile section */

/* Begin PBXContainerItemProxy section */
		48BC91DE2B16CE0A008D10C6 /* PBXContainerItemProxy */ = {
			isa = PBXContainerItemProxy;
			containerPortal = 48BC91BF2B16CE09008D10C6 /* Project object */;
			proxyType = 1;
			remoteGlobalIDString = 48BC91C62B16CE09008D10C6;
			remoteInfo = GreenCycle;
		};
		48BC91E82B16CE0A008D10C6 /* PBXContainerItemProxy */ = {
			isa = PBXContainerItemProxy;
			containerPortal = 48BC91BF2B16CE09008D10C6 /* Project object */;
			proxyType = 1;
			remoteGlobalIDString = 48BC91C62B16CE09008D10C6;
			remoteInfo = GreenCycle;
		};
/* End PBXContainerItemProxy section */

/* Begin PBXFileReference section */
		4814314E2B1B17270018EF44 /* MapCont.swift */ = {isa = PBXFileReference; lastKnownFileType = sourcecode.swift; path = MapCont.swift; sourceTree = "<group>"; };
		481431532B1B20230018EF44 /* MapContDetail.swift */ = {isa = PBXFileReference; lastKnownFileType = sourcecode.swift; path = MapContDetail.swift; sourceTree = "<group>"; };
		4861A5002B1B44FA00BE3B94 /* ReviewCont.swift */ = {isa = PBXFileReference; lastKnownFileType = sourcecode.swift; path = ReviewCont.swift; sourceTree = "<group>"; };
		4861A5022B1B45EE00BE3B94 /* TableViewCell.swift */ = {isa = PBXFileReference; lastKnownFileType = sourcecode.swift; path = TableViewCell.swift; sourceTree = "<group>"; };
		48BC91C72B16CE09008D10C6 /* GreenCycle.app */ = {isa = PBXFileReference; explicitFileType = wrapper.application; includeInIndex = 0; path = GreenCycle.app; sourceTree = BUILT_PRODUCTS_DIR; };
		48BC91CA2B16CE09008D10C6 /* AppDelegate.swift */ = {isa = PBXFileReference; lastKnownFileType = sourcecode.swift; path = AppDelegate.swift; sourceTree = "<group>"; };
		48BC91CC2B16CE09008D10C6 /* SceneDelegate.swift */ = {isa = PBXFileReference; lastKnownFileType = sourcecode.swift; path = SceneDelegate.swift; sourceTree = "<group>"; };
		48BC91CE2B16CE09008D10C6 /* ViewController.swift */ = {isa = PBXFileReference; lastKnownFileType = sourcecode.swift; path = ViewController.swift; sourceTree = "<group>"; };
		48BC91D12B16CE09008D10C6 /* Base */ = {isa = PBXFileReference; lastKnownFileType = file.storyboard; name = Base; path = Base.lproj/Main.storyboard; sourceTree = "<group>"; };
		48BC91D32B16CE0A008D10C6 /* Assets.xcassets */ = {isa = PBXFileReference; lastKnownFileType = folder.assetcatalog; path = Assets.xcassets; sourceTree = "<group>"; };
		48BC91D62B16CE0A008D10C6 /* Base */ = {isa = PBXFileReference; lastKnownFileType = file.storyboard; name = Base; path = Base.lproj/LaunchScreen.storyboard; sourceTree = "<group>"; };
		48BC91D82B16CE0A008D10C6 /* Info.plist */ = {isa = PBXFileReference; lastKnownFileType = text.plist.xml; path = Info.plist; sourceTree = "<group>"; };
		48BC91DD2B16CE0A008D10C6 /* GreenCycleTests.xctest */ = {isa = PBXFileReference; explicitFileType = wrapper.cfbundle; includeInIndex = 0; path = GreenCycleTests.xctest; sourceTree = BUILT_PRODUCTS_DIR; };
		48BC91E12B16CE0A008D10C6 /* GreenCycleTests.swift */ = {isa = PBXFileReference; lastKnownFileType = sourcecode.swift; path = GreenCycleTests.swift; sourceTree = "<group>"; };
		48BC91E72B16CE0A008D10C6 /* GreenCycleUITests.xctest */ = {isa = PBXFileReference; explicitFileType = wrapper.cfbundle; includeInIndex = 0; path = GreenCycleUITests.xctest; sourceTree = BUILT_PRODUCTS_DIR; };
		48BC91EB2B16CE0A008D10C6 /* GreenCycleUITests.swift */ = {isa = PBXFileReference; lastKnownFileType = sourcecode.swift; path = GreenCycleUITests.swift; sourceTree = "<group>"; };
		48BC91ED2B16CE0A008D10C6 /* GreenCycleUITestsLaunchTests.swift */ = {isa = PBXFileReference; lastKnownFileType = sourcecode.swift; path = GreenCycleUITestsLaunchTests.swift; sourceTree = "<group>"; };
		48BC91FB2B16D180008D10C6 /* JetBrainsMono-Light.ttf */ = {isa = PBXFileReference; lastKnownFileType = file; path = "JetBrainsMono-Light.ttf"; sourceTree = "<group>"; };
		48BC91FC2B16D180008D10C6 /* JetBrainsMono-Regular.ttf */ = {isa = PBXFileReference; lastKnownFileType = file; path = "JetBrainsMono-Regular.ttf"; sourceTree = "<group>"; };
		48BC91FD2B16D180008D10C6 /* JetBrainsMono-ThinItalic.ttf */ = {isa = PBXFileReference; lastKnownFileType = file; path = "JetBrainsMono-ThinItalic.ttf"; sourceTree = "<group>"; };
		48BC91FE2B16D181008D10C6 /* JetBrainsMono-Medium.ttf */ = {isa = PBXFileReference; lastKnownFileType = file; path = "JetBrainsMono-Medium.ttf"; sourceTree = "<group>"; };
		48BC91FF2B16D181008D10C6 /* JetBrainsMono-BoldItalic.ttf */ = {isa = PBXFileReference; lastKnownFileType = file; path = "JetBrainsMono-BoldItalic.ttf"; sourceTree = "<group>"; };
		48BC92002B16D181008D10C6 /* JetBrainsMono-SemiBold.ttf */ = {isa = PBXFileReference; lastKnownFileType = file; path = "JetBrainsMono-SemiBold.ttf"; sourceTree = "<group>"; };
		48BC92012B16D181008D10C6 /* JetBrainsMono-ExtraBoldItalic.ttf */ = {isa = PBXFileReference; lastKnownFileType = file; path = "JetBrainsMono-ExtraBoldItalic.ttf"; sourceTree = "<group>"; };
		48BC92022B16D181008D10C6 /* JetBrainsMono-ExtraBold.ttf */ = {isa = PBXFileReference; lastKnownFileType = file; path = "JetBrainsMono-ExtraBold.ttf"; sourceTree = "<group>"; };
		48BC92032B16D181008D10C6 /* JetBrainsMono-MediumItalic.ttf */ = {isa = PBXFileReference; lastKnownFileType = file; path = "JetBrainsMono-MediumItalic.ttf"; sourceTree = "<group>"; };
		48BC92042B16D181008D10C6 /* JetBrainsMono-ExtraLightItalic.ttf */ = {isa = PBXFileReference; lastKnownFileType = file; path = "JetBrainsMono-ExtraLightItalic.ttf"; sourceTree = "<group>"; };
		48BC92052B16D181008D10C6 /* JetBrainsMono-Italic.ttf */ = {isa = PBXFileReference; lastKnownFileType = file; path = "JetBrainsMono-Italic.ttf"; sourceTree = "<group>"; };
		48BC92062B16D181008D10C6 /* JetBrainsMono-SemiBoldItalic.ttf */ = {isa = PBXFileReference; lastKnownFileType = file; path = "JetBrainsMono-SemiBoldItalic.ttf"; sourceTree = "<group>"; };
		48BC92072B16D181008D10C6 /* JetBrainsMono-Thin.ttf */ = {isa = PBXFileReference; lastKnownFileType = file; path = "JetBrainsMono-Thin.ttf"; sourceTree = "<group>"; };
		48BC92082B16D181008D10C6 /* JetBrainsMono-ExtraLight.ttf */ = {isa = PBXFileReference; lastKnownFileType = file; path = "JetBrainsMono-ExtraLight.ttf"; sourceTree = "<group>"; };
		48BC92092B16D181008D10C6 /* JetBrainsMono-Bold.ttf */ = {isa = PBXFileReference; lastKnownFileType = file; path = "JetBrainsMono-Bold.ttf"; sourceTree = "<group>"; };
		48BC920A2B16D181008D10C6 /* JetBrainsMono-LightItalic.ttf */ = {isa = PBXFileReference; lastKnownFileType = file; path = "JetBrainsMono-LightItalic.ttf"; sourceTree = "<group>"; };
/* End PBXFileReference section */

/* Begin PBXFrameworksBuildPhase section */
		48BC91C42B16CE09008D10C6 /* Frameworks */ = {
			isa = PBXFrameworksBuildPhase;
			buildActionMask = 2147483647;
			files = (
				481431522B1B18F90018EF44 /* NMapsMap in Frameworks */,
			);
			runOnlyForDeploymentPostprocessing = 0;
		};
		48BC91DA2B16CE0A008D10C6 /* Frameworks */ = {
			isa = PBXFrameworksBuildPhase;
			buildActionMask = 2147483647;
			files = (
			);
			runOnlyForDeploymentPostprocessing = 0;
		};
		48BC91E42B16CE0A008D10C6 /* Frameworks */ = {
			isa = PBXFrameworksBuildPhase;
			buildActionMask = 2147483647;
			files = (
			);
			runOnlyForDeploymentPostprocessing = 0;
		};
/* End PBXFrameworksBuildPhase section */

/* Begin PBXGroup section */
		48BC91BE2B16CE09008D10C6 = {
			isa = PBXGroup;
			children = (
				48BC91C92B16CE09008D10C6 /* GreenCycle */,
				48BC91E02B16CE0A008D10C6 /* GreenCycleTests */,
				48BC91EA2B16CE0A008D10C6 /* GreenCycleUITests */,
				48BC91C82B16CE09008D10C6 /* Products */,
			);
			sourceTree = "<group>";
		};
		48BC91C82B16CE09008D10C6 /* Products */ = {
			isa = PBXGroup;
			children = (
				48BC91C72B16CE09008D10C6 /* GreenCycle.app */,
				48BC91DD2B16CE0A008D10C6 /* GreenCycleTests.xctest */,
				48BC91E72B16CE0A008D10C6 /* GreenCycleUITests.xctest */,
			);
			name = Products;
			sourceTree = "<group>";
		};
		48BC91C92B16CE09008D10C6 /* GreenCycle */ = {
			isa = PBXGroup;
			children = (
				48BC91FA2B16D0C8008D10C6 /* Font */,
				48BC91CA2B16CE09008D10C6 /* AppDelegate.swift */,
				48BC91CC2B16CE09008D10C6 /* SceneDelegate.swift */,
				48BC91CE2B16CE09008D10C6 /* ViewController.swift */,
				48BC91D02B16CE09008D10C6 /* Main.storyboard */,
				4861A5002B1B44FA00BE3B94 /* ReviewCont.swift */,
				4861A5022B1B45EE00BE3B94 /* TableViewCell.swift */,
				481431532B1B20230018EF44 /* MapContDetail.swift */,
				4814314E2B1B17270018EF44 /* MapCont.swift */,
				48BC91D32B16CE0A008D10C6 /* Assets.xcassets */,
				48BC91D52B16CE0A008D10C6 /* LaunchScreen.storyboard */,
				48BC91D82B16CE0A008D10C6 /* Info.plist */,
			);
			path = GreenCycle;
			sourceTree = "<group>";
		};
		48BC91E02B16CE0A008D10C6 /* GreenCycleTests */ = {
			isa = PBXGroup;
			children = (
				48BC91E12B16CE0A008D10C6 /* GreenCycleTests.swift */,
			);
			path = GreenCycleTests;
			sourceTree = "<group>";
		};
		48BC91EA2B16CE0A008D10C6 /* GreenCycleUITests */ = {
			isa = PBXGroup;
			children = (
				48BC91EB2B16CE0A008D10C6 /* GreenCycleUITests.swift */,
				48BC91ED2B16CE0A008D10C6 /* GreenCycleUITestsLaunchTests.swift */,
			);
			path = GreenCycleUITests;
			sourceTree = "<group>";
		};
		48BC91FA2B16D0C8008D10C6 /* Font */ = {
			isa = PBXGroup;
			children = (
				48BC92092B16D181008D10C6 /* JetBrainsMono-Bold.ttf */,
				48BC91FF2B16D181008D10C6 /* JetBrainsMono-BoldItalic.ttf */,
				48BC92022B16D181008D10C6 /* JetBrainsMono-ExtraBold.ttf */,
				48BC92012B16D181008D10C6 /* JetBrainsMono-ExtraBoldItalic.ttf */,
				48BC92082B16D181008D10C6 /* JetBrainsMono-ExtraLight.ttf */,
				48BC92042B16D181008D10C6 /* JetBrainsMono-ExtraLightItalic.ttf */,
				48BC92052B16D181008D10C6 /* JetBrainsMono-Italic.ttf */,
				48BC91FB2B16D180008D10C6 /* JetBrainsMono-Light.ttf */,
				48BC920A2B16D181008D10C6 /* JetBrainsMono-LightItalic.ttf */,
				48BC91FE2B16D181008D10C6 /* JetBrainsMono-Medium.ttf */,
				48BC92032B16D181008D10C6 /* JetBrainsMono-MediumItalic.ttf */,
				48BC91FC2B16D180008D10C6 /* JetBrainsMono-Regular.ttf */,
				48BC92002B16D181008D10C6 /* JetBrainsMono-SemiBold.ttf */,
				48BC92062B16D181008D10C6 /* JetBrainsMono-SemiBoldItalic.ttf */,
				48BC92072B16D181008D10C6 /* JetBrainsMono-Thin.ttf */,
				48BC91FD2B16D180008D10C6 /* JetBrainsMono-ThinItalic.ttf */,
			);
			path = Font;
			sourceTree = "<group>";
		};
/* End PBXGroup section */

/* Begin PBXNativeTarget section */
		48BC91C62B16CE09008D10C6 /* GreenCycle */ = {
			isa = PBXNativeTarget;
			buildConfigurationList = 48BC91F12B16CE0A008D10C6 /* Build configuration list for PBXNativeTarget "GreenCycle" */;
			buildPhases = (
				48BC91C32B16CE09008D10C6 /* Sources */,
				48BC91C42B16CE09008D10C6 /* Frameworks */,
				48BC91C52B16CE09008D10C6 /* Resources */,
			);
			buildRules = (
			);
			dependencies = (
			);
			name = GreenCycle;
			packageProductDependencies = (
				481431512B1B18F90018EF44 /* NMapsMap */,
			);
			productName = GreenCycle;
			productReference = 48BC91C72B16CE09008D10C6 /* GreenCycle.app */;
			productType = "com.apple.product-type.application";
		};
		48BC91DC2B16CE0A008D10C6 /* GreenCycleTests */ = {
			isa = PBXNativeTarget;
			buildConfigurationList = 48BC91F42B16CE0A008D10C6 /* Build configuration list for PBXNativeTarget "GreenCycleTests" */;
			buildPhases = (
				48BC91D92B16CE0A008D10C6 /* Sources */,
				48BC91DA2B16CE0A008D10C6 /* Frameworks */,
				48BC91DB2B16CE0A008D10C6 /* Resources */,
			);
			buildRules = (
			);
			dependencies = (
				48BC91DF2B16CE0A008D10C6 /* PBXTargetDependency */,
			);
			name = GreenCycleTests;
			productName = GreenCycleTests;
			productReference = 48BC91DD2B16CE0A008D10C6 /* GreenCycleTests.xctest */;
			productType = "com.apple.product-type.bundle.unit-test";
		};
		48BC91E62B16CE0A008D10C6 /* GreenCycleUITests */ = {
			isa = PBXNativeTarget;
			buildConfigurationList = 48BC91F72B16CE0A008D10C6 /* Build configuration list for PBXNativeTarget "GreenCycleUITests" */;
			buildPhases = (
				48BC91E32B16CE0A008D10C6 /* Sources */,
				48BC91E42B16CE0A008D10C6 /* Frameworks */,
				48BC91E52B16CE0A008D10C6 /* Resources */,
			);
			buildRules = (
			);
			dependencies = (
				48BC91E92B16CE0A008D10C6 /* PBXTargetDependency */,
			);
			name = GreenCycleUITests;
			productName = GreenCycleUITests;
			productReference = 48BC91E72B16CE0A008D10C6 /* GreenCycleUITests.xctest */;
			productType = "com.apple.product-type.bundle.ui-testing";
		};
/* End PBXNativeTarget section */

/* Begin PBXProject section */
		48BC91BF2B16CE09008D10C6 /* Project object */ = {
			isa = PBXProject;
			attributes = {
				BuildIndependentTargetsInParallel = 1;
				LastSwiftUpdateCheck = 1500;
				LastUpgradeCheck = 1500;
				TargetAttributes = {
					48BC91C62B16CE09008D10C6 = {
						CreatedOnToolsVersion = 15.0;
					};
					48BC91DC2B16CE0A008D10C6 = {
						CreatedOnToolsVersion = 15.0;
						TestTargetID = 48BC91C62B16CE09008D10C6;
					};
					48BC91E62B16CE0A008D10C6 = {
						CreatedOnToolsVersion = 15.0;
						TestTargetID = 48BC91C62B16CE09008D10C6;
					};
				};
			};
			buildConfigurationList = 48BC91C22B16CE09008D10C6 /* Build configuration list for PBXProject "GreenCycle" */;
			compatibilityVersion = "Xcode 14.0";
			developmentRegion = en;
			hasScannedForEncodings = 0;
			knownRegions = (
				en,
				Base,
			);
			mainGroup = 48BC91BE2B16CE09008D10C6;
			packageReferences = (
				481431502B1B18F90018EF44 /* XCRemoteSwiftPackageReference "NMapsMap" */,
			);
			productRefGroup = 48BC91C82B16CE09008D10C6 /* Products */;
			projectDirPath = "";
			projectRoot = "";
			targets = (
				48BC91C62B16CE09008D10C6 /* GreenCycle */,
				48BC91DC2B16CE0A008D10C6 /* GreenCycleTests */,
				48BC91E62B16CE0A008D10C6 /* GreenCycleUITests */,
			);
		};
/* End PBXProject section */

/* Begin PBXResourcesBuildPhase section */
		48BC91C52B16CE09008D10C6 /* Resources */ = {
			isa = PBXResourcesBuildPhase;
			buildActionMask = 2147483647;
			files = (
				48BC921A2B16D181008D10C6 /* JetBrainsMono-LightItalic.ttf in Resources */,
				48BC92152B16D181008D10C6 /* JetBrainsMono-Italic.ttf in Resources */,
				48BC92142B16D181008D10C6 /* JetBrainsMono-ExtraLightItalic.ttf in Resources */,
				48BC91D72B16CE0A008D10C6 /* LaunchScreen.storyboard in Resources */,
				48BC92182B16D181008D10C6 /* JetBrainsMono-ExtraLight.ttf in Resources */,
				48BC92162B16D181008D10C6 /* JetBrainsMono-SemiBoldItalic.ttf in Resources */,
				48BC92102B16D181008D10C6 /* JetBrainsMono-SemiBold.ttf in Resources */,
				48BC920E2B16D181008D10C6 /* JetBrainsMono-Medium.ttf in Resources */,
				48BC91D42B16CE0A008D10C6 /* Assets.xcassets in Resources */,
				48BC91D22B16CE09008D10C6 /* Main.storyboard in Resources */,
				48BC92132B16D181008D10C6 /* JetBrainsMono-MediumItalic.ttf in Resources */,
				48BC920D2B16D181008D10C6 /* JetBrainsMono-ThinItalic.ttf in Resources */,
				48BC92112B16D181008D10C6 /* JetBrainsMono-ExtraBoldItalic.ttf in Resources */,
				48BC920B2B16D181008D10C6 /* JetBrainsMono-Light.ttf in Resources */,
				48BC92192B16D181008D10C6 /* JetBrainsMono-Bold.ttf in Resources */,
				48BC92122B16D181008D10C6 /* JetBrainsMono-ExtraBold.ttf in Resources */,
				48BC92172B16D181008D10C6 /* JetBrainsMono-Thin.ttf in Resources */,
				48BC920C2B16D181008D10C6 /* JetBrainsMono-Regular.ttf in Resources */,
				48BC920F2B16D181008D10C6 /* JetBrainsMono-BoldItalic.ttf in Resources */,
			);
			runOnlyForDeploymentPostprocessing = 0;
		};
		48BC91DB2B16CE0A008D10C6 /* Resources */ = {
			isa = PBXResourcesBuildPhase;
			buildActionMask = 2147483647;
			files = (
			);
			runOnlyForDeploymentPostprocessing = 0;
		};
		48BC91E52B16CE0A008D10C6 /* Resources */ = {
			isa = PBXResourcesBuildPhase;
			buildActionMask = 2147483647;
			files = (
			);
			runOnlyForDeploymentPostprocessing = 0;
		};
/* End PBXResourcesBuildPhase section */

/* Begin PBXSourcesBuildPhase section */
		48BC91C32B16CE09008D10C6 /* Sources */ = {
			isa = PBXSourcesBuildPhase;
			buildActionMask = 2147483647;
			files = (
				48BC91CF2B16CE09008D10C6 /* ViewController.swift in Sources */,
				48BC91CB2B16CE09008D10C6 /* AppDelegate.swift in Sources */,
				4814314F2B1B17270018EF44 /* MapCont.swift in Sources */,
				48BC91CD2B16CE09008D10C6 /* SceneDelegate.swift in Sources */,
				481431542B1B20230018EF44 /* MapContDetail.swift in Sources */,
				4861A5032B1B45EE00BE3B94 /* TableViewCell.swift in Sources */,
				4861A5012B1B44FA00BE3B94 /* ReviewCont.swift in Sources */,
			);
			runOnlyForDeploymentPostprocessing = 0;
		};
		48BC91D92B16CE0A008D10C6 /* Sources */ = {
			isa = PBXSourcesBuildPhase;
			buildActionMask = 2147483647;
			files = (
				48BC91E22B16CE0A008D10C6 /* GreenCycleTests.swift in Sources */,
			);
			runOnlyForDeploymentPostprocessing = 0;
		};
		48BC91E32B16CE0A008D10C6 /* Sources */ = {
			isa = PBXSourcesBuildPhase;
			buildActionMask = 2147483647;
			files = (
				48BC91EC2B16CE0A008D10C6 /* GreenCycleUITests.swift in Sources */,
				48BC91EE2B16CE0A008D10C6 /* GreenCycleUITestsLaunchTests.swift in Sources */,
			);
			runOnlyForDeploymentPostprocessing = 0;
		};
/* End PBXSourcesBuildPhase section */

/* Begin PBXTargetDependency section */
		48BC91DF2B16CE0A008D10C6 /* PBXTargetDependency */ = {
			isa = PBXTargetDependency;
			target = 48BC91C62B16CE09008D10C6 /* GreenCycle */;
			targetProxy = 48BC91DE2B16CE0A008D10C6 /* PBXContainerItemProxy */;
		};
		48BC91E92B16CE0A008D10C6 /* PBXTargetDependency */ = {
			isa = PBXTargetDependency;
			target = 48BC91C62B16CE09008D10C6 /* GreenCycle */;
			targetProxy = 48BC91E82B16CE0A008D10C6 /* PBXContainerItemProxy */;
		};
/* End PBXTargetDependency section */

/* Begin PBXVariantGroup section */
		48BC91D02B16CE09008D10C6 /* Main.storyboard */ = {
			isa = PBXVariantGroup;
			children = (
				48BC91D12B16CE09008D10C6 /* Base */,
			);
			name = Main.storyboard;
			sourceTree = "<group>";
		};
		48BC91D52B16CE0A008D10C6 /* LaunchScreen.storyboard */ = {
			isa = PBXVariantGroup;
			children = (
				48BC91D62B16CE0A008D10C6 /* Base */,
			);
			name = LaunchScreen.storyboard;
			sourceTree = "<group>";
		};
/* End PBXVariantGroup section */

/* Begin XCBuildConfiguration section */
		48BC91EF2B16CE0A008D10C6 /* Debug */ = {
			isa = XCBuildConfiguration;
			buildSettings = {
				ALWAYS_SEARCH_USER_PATHS = NO;
				ASSETCATALOG_COMPILER_GENERATE_SWIFT_ASSET_SYMBOL_EXTENSIONS = YES;
				CLANG_ANALYZER_NONNULL = YES;
				CLANG_ANALYZER_NUMBER_OBJECT_CONVERSION = YES_AGGRESSIVE;
				CLANG_CXX_LANGUAGE_STANDARD = "gnu++20";
				CLANG_ENABLE_MODULES = YES;
				CLANG_ENABLE_OBJC_ARC = YES;
				CLANG_ENABLE_OBJC_WEAK = YES;
				CLANG_WARN_BLOCK_CAPTURE_AUTORELEASING = YES;
				CLANG_WARN_BOOL_CONVERSION = YES;
				CLANG_WARN_COMMA = YES;
				CLANG_WARN_CONSTANT_CONVERSION = YES;
				CLANG_WARN_DEPRECATED_OBJC_IMPLEMENTATIONS = YES;
				CLANG_WARN_DIRECT_OBJC_ISA_USAGE = YES_ERROR;
				CLANG_WARN_DOCUMENTATION_COMMENTS = YES;
				CLANG_WARN_EMPTY_BODY = YES;
				CLANG_WARN_ENUM_CONVERSION = YES;
				CLANG_WARN_INFINITE_RECURSION = YES;
				CLANG_WARN_INT_CONVERSION = YES;
				CLANG_WARN_NON_LITERAL_NULL_CONVERSION = YES;
				CLANG_WARN_OBJC_IMPLICIT_RETAIN_SELF = YES;
				CLANG_WARN_OBJC_LITERAL_CONVERSION = YES;
				CLANG_WARN_OBJC_ROOT_CLASS = YES_ERROR;
				CLANG_WARN_QUOTED_INCLUDE_IN_FRAMEWORK_HEADER = YES;
				CLANG_WARN_RANGE_LOOP_ANALYSIS = YES;
				CLANG_WARN_STRICT_PROTOTYPES = YES;
				CLANG_WARN_SUSPICIOUS_MOVE = YES;
				CLANG_WARN_UNGUARDED_AVAILABILITY = YES_AGGRESSIVE;
				CLANG_WARN_UNREACHABLE_CODE = YES;
				CLANG_WARN__DUPLICATE_METHOD_MATCH = YES;
				COPY_PHASE_STRIP = NO;
				DEBUG_INFORMATION_FORMAT = dwarf;
				ENABLE_STRICT_OBJC_MSGSEND = YES;
				ENABLE_TESTABILITY = YES;
				ENABLE_USER_SCRIPT_SANDBOXING = YES;
				GCC_C_LANGUAGE_STANDARD = gnu17;
				GCC_DYNAMIC_NO_PIC = NO;
				GCC_NO_COMMON_BLOCKS = YES;
				GCC_OPTIMIZATION_LEVEL = 0;
				GCC_PREPROCESSOR_DEFINITIONS = (
					"DEBUG=1",
					"$(inherited)",
				);
				GCC_WARN_64_TO_32_BIT_CONVERSION = YES;
				GCC_WARN_ABOUT_RETURN_TYPE = YES_ERROR;
				GCC_WARN_UNDECLARED_SELECTOR = YES;
				GCC_WARN_UNINITIALIZED_AUTOS = YES_AGGRESSIVE;
				GCC_WARN_UNUSED_FUNCTION = YES;
				GCC_WARN_UNUSED_VARIABLE = YES;
				IPHONEOS_DEPLOYMENT_TARGET = 17.0;
				LOCALIZATION_PREFERS_STRING_CATALOGS = YES;
				MTL_ENABLE_DEBUG_INFO = INCLUDE_SOURCE;
				MTL_FAST_MATH = YES;
				ONLY_ACTIVE_ARCH = YES;
				SDKROOT = iphoneos;
				SWIFT_ACTIVE_COMPILATION_CONDITIONS = "DEBUG $(inherited)";
				SWIFT_OPTIMIZATION_LEVEL = "-Onone";
			};
			name = Debug;
		};
		48BC91F02B16CE0A008D10C6 /* Release */ = {
			isa = XCBuildConfiguration;
			buildSettings = {
				ALWAYS_SEARCH_USER_PATHS = NO;
				ASSETCATALOG_COMPILER_GENERATE_SWIFT_ASSET_SYMBOL_EXTENSIONS = YES;
				CLANG_ANALYZER_NONNULL = YES;
				CLANG_ANALYZER_NUMBER_OBJECT_CONVERSION = YES_AGGRESSIVE;
				CLANG_CXX_LANGUAGE_STANDARD = "gnu++20";
				CLANG_ENABLE_MODULES = YES;
				CLANG_ENABLE_OBJC_ARC = YES;
				CLANG_ENABLE_OBJC_WEAK = YES;
				CLANG_WARN_BLOCK_CAPTURE_AUTORELEASING = YES;
				CLANG_WARN_BOOL_CONVERSION = YES;
				CLANG_WARN_COMMA = YES;
				CLANG_WARN_CONSTANT_CONVERSION = YES;
				CLANG_WARN_DEPRECATED_OBJC_IMPLEMENTATIONS = YES;
				CLANG_WARN_DIRECT_OBJC_ISA_USAGE = YES_ERROR;
				CLANG_WARN_DOCUMENTATION_COMMENTS = YES;
				CLANG_WARN_EMPTY_BODY = YES;
				CLANG_WARN_ENUM_CONVERSION = YES;
				CLANG_WARN_INFINITE_RECURSION = YES;
				CLANG_WARN_INT_CONVERSION = YES;
				CLANG_WARN_NON_LITERAL_NULL_CONVERSION = YES;
				CLANG_WARN_OBJC_IMPLICIT_RETAIN_SELF = YES;
				CLANG_WARN_OBJC_LITERAL_CONVERSION = YES;
				CLANG_WARN_OBJC_ROOT_CLASS = YES_ERROR;
				CLANG_WARN_QUOTED_INCLUDE_IN_FRAMEWORK_HEADER = YES;
				CLANG_WARN_RANGE_LOOP_ANALYSIS = YES;
				CLANG_WARN_STRICT_PROTOTYPES = YES;
				CLANG_WARN_SUSPICIOUS_MOVE = YES;
				CLANG_WARN_UNGUARDED_AVAILABILITY = YES_AGGRESSIVE;
				CLANG_WARN_UNREACHABLE_CODE = YES;
				CLANG_WARN__DUPLICATE_METHOD_MATCH = YES;
				COPY_PHASE_STRIP = NO;
				DEBUG_INFORMATION_FORMAT = "dwarf-with-dsym";
				ENABLE_NS_ASSERTIONS = NO;
				ENABLE_STRICT_OBJC_MSGSEND = YES;
				ENABLE_USER_SCRIPT_SANDBOXING = YES;
				GCC_C_LANGUAGE_STANDARD = gnu17;
				GCC_NO_COMMON_BLOCKS = YES;
				GCC_WARN_64_TO_32_BIT_CONVERSION = YES;
				GCC_WARN_ABOUT_RETURN_TYPE = YES_ERROR;
				GCC_WARN_UNDECLARED_SELECTOR = YES;
				GCC_WARN_UNINITIALIZED_AUTOS = YES_AGGRESSIVE;
				GCC_WARN_UNUSED_FUNCTION = YES;
				GCC_WARN_UNUSED_VARIABLE = YES;
				IPHONEOS_DEPLOYMENT_TARGET = 17.0;
				LOCALIZATION_PREFERS_STRING_CATALOGS = YES;
				MTL_ENABLE_DEBUG_INFO = NO;
				MTL_FAST_MATH = YES;
				SDKROOT = iphoneos;
				SWIFT_COMPILATION_MODE = wholemodule;
				VALIDATE_PRODUCT = YES;
			};
			name = Release;
		};
		48BC91F22B16CE0A008D10C6 /* Debug */ = {
			isa = XCBuildConfiguration;
			buildSettings = {
				ASSETCATALOG_COMPILER_APPICON_NAME = AppIcon;
				ASSETCATALOG_COMPILER_GLOBAL_ACCENT_COLOR_NAME = AccentColor;
				CODE_SIGN_STYLE = Automatic;
				CURRENT_PROJECT_VERSION = 1;
				GENERATE_INFOPLIST_FILE = YES;
				INFOPLIST_FILE = GreenCycle/Info.plist;
				INFOPLIST_KEY_UIApplicationSupportsIndirectInputEvents = YES;
				INFOPLIST_KEY_UILaunchStoryboardName = LaunchScreen;
				INFOPLIST_KEY_UIMainStoryboardFile = Main;
				INFOPLIST_KEY_UISupportedInterfaceOrientations_iPad = "UIInterfaceOrientationPortrait UIInterfaceOrientationPortraitUpsideDown UIInterfaceOrientationLandscapeLeft UIInterfaceOrientationLandscapeRight";
				INFOPLIST_KEY_UISupportedInterfaceOrientations_iPhone = "UIInterfaceOrientationPortrait UIInterfaceOrientationLandscapeLeft UIInterfaceOrientationLandscapeRight";
				LD_RUNPATH_SEARCH_PATHS = (
					"$(inherited)",
					"@executable_path/Frameworks",
				);
				MARKETING_VERSION = 1.0;
				PRODUCT_BUNDLE_IDENTIFIER = mk.GreenCycle;
				PRODUCT_NAME = "$(TARGET_NAME)";
				SWIFT_EMIT_LOC_STRINGS = YES;
				SWIFT_VERSION = 5.0;
				TARGETED_DEVICE_FAMILY = "1,2";
			};
			name = Debug;
		};
		48BC91F32B16CE0A008D10C6 /* Release */ = {
			isa = XCBuildConfiguration;
			buildSettings = {
				ASSETCATALOG_COMPILER_APPICON_NAME = AppIcon;
				ASSETCATALOG_COMPILER_GLOBAL_ACCENT_COLOR_NAME = AccentColor;
				CODE_SIGN_STYLE = Automatic;
				CURRENT_PROJECT_VERSION = 1;
				GENERATE_INFOPLIST_FILE = YES;
				INFOPLIST_FILE = GreenCycle/Info.plist;
				INFOPLIST_KEY_UIApplicationSupportsIndirectInputEvents = YES;
				INFOPLIST_KEY_UILaunchStoryboardName = LaunchScreen;
				INFOPLIST_KEY_UIMainStoryboardFile = Main;
				INFOPLIST_KEY_UISupportedInterfaceOrientations_iPad = "UIInterfaceOrientationPortrait UIInterfaceOrientationPortraitUpsideDown UIInterfaceOrientationLandscapeLeft UIInterfaceOrientationLandscapeRight";
				INFOPLIST_KEY_UISupportedInterfaceOrientations_iPhone = "UIInterfaceOrientationPortrait UIInterfaceOrientationLandscapeLeft UIInterfaceOrientationLandscapeRight";
				LD_RUNPATH_SEARCH_PATHS = (
					"$(inherited)",
					"@executable_path/Frameworks",
				);
				MARKETING_VERSION = 1.0;
				PRODUCT_BUNDLE_IDENTIFIER = mk.GreenCycle;
				PRODUCT_NAME = "$(TARGET_NAME)";
				SWIFT_EMIT_LOC_STRINGS = YES;
				SWIFT_VERSION = 5.0;
				TARGETED_DEVICE_FAMILY = "1,2";
			};
			name = Release;
		};
		48BC91F52B16CE0A008D10C6 /* Debug */ = {
			isa = XCBuildConfiguration;
			buildSettings = {
				ALWAYS_EMBED_SWIFT_STANDARD_LIBRARIES = YES;
				BUNDLE_LOADER = "$(TEST_HOST)";
				CODE_SIGN_STYLE = Automatic;
				CURRENT_PROJECT_VERSION = 1;
				GENERATE_INFOPLIST_FILE = YES;
				IPHONEOS_DEPLOYMENT_TARGET = 17.0;
				MARKETING_VERSION = 1.0;
				PRODUCT_BUNDLE_IDENTIFIER = mk.GreenCycleTests;
				PRODUCT_NAME = "$(TARGET_NAME)";
				SWIFT_EMIT_LOC_STRINGS = NO;
				SWIFT_VERSION = 5.0;
				TARGETED_DEVICE_FAMILY = "1,2";
				TEST_HOST = "$(BUILT_PRODUCTS_DIR)/GreenCycle.app/$(BUNDLE_EXECUTABLE_FOLDER_PATH)/GreenCycle";
			};
			name = Debug;
		};
		48BC91F62B16CE0A008D10C6 /* Release */ = {
			isa = XCBuildConfiguration;
			buildSettings = {
				ALWAYS_EMBED_SWIFT_STANDARD_LIBRARIES = YES;
				BUNDLE_LOADER = "$(TEST_HOST)";
				CODE_SIGN_STYLE = Automatic;
				CURRENT_PROJECT_VERSION = 1;
				GENERATE_INFOPLIST_FILE = YES;
				IPHONEOS_DEPLOYMENT_TARGET = 17.0;
				MARKETING_VERSION = 1.0;
				PRODUCT_BUNDLE_IDENTIFIER = mk.GreenCycleTests;
				PRODUCT_NAME = "$(TARGET_NAME)";
				SWIFT_EMIT_LOC_STRINGS = NO;
				SWIFT_VERSION = 5.0;
				TARGETED_DEVICE_FAMILY = "1,2";
				TEST_HOST = "$(BUILT_PRODUCTS_DIR)/GreenCycle.app/$(BUNDLE_EXECUTABLE_FOLDER_PATH)/GreenCycle";
			};
			name = Release;
		};
		48BC91F82B16CE0A008D10C6 /* Debug */ = {
			isa = XCBuildConfiguration;
			buildSettings = {
				ALWAYS_EMBED_SWIFT_STANDARD_LIBRARIES = YES;
				CODE_SIGN_STYLE = Automatic;
				CURRENT_PROJECT_VERSION = 1;
				GENERATE_INFOPLIST_FILE = YES;
				MARKETING_VERSION = 1.0;
				PRODUCT_BUNDLE_IDENTIFIER = mk.GreenCycleUITests;
				PRODUCT_NAME = "$(TARGET_NAME)";
				SWIFT_EMIT_LOC_STRINGS = NO;
				SWIFT_VERSION = 5.0;
				TARGETED_DEVICE_FAMILY = "1,2";
				TEST_TARGET_NAME = GreenCycle;
			};
			name = Debug;
		};
		48BC91F92B16CE0A008D10C6 /* Release */ = {
			isa = XCBuildConfiguration;
			buildSettings = {
				ALWAYS_EMBED_SWIFT_STANDARD_LIBRARIES = YES;
				CODE_SIGN_STYLE = Automatic;
				CURRENT_PROJECT_VERSION = 1;
				GENERATE_INFOPLIST_FILE = YES;
				MARKETING_VERSION = 1.0;
				PRODUCT_BUNDLE_IDENTIFIER = mk.GreenCycleUITests;
				PRODUCT_NAME = "$(TARGET_NAME)";
				SWIFT_EMIT_LOC_STRINGS = NO;
				SWIFT_VERSION = 5.0;
				TARGETED_DEVICE_FAMILY = "1,2";
				TEST_TARGET_NAME = GreenCycle;
			};
			name = Release;
		};
/* End XCBuildConfiguration section */

/* Begin XCConfigurationList section */
		48BC91C22B16CE09008D10C6 /* Build configuration list for PBXProject "GreenCycle" */ = {
			isa = XCConfigurationList;
			buildConfigurations = (
				48BC91EF2B16CE0A008D10C6 /* Debug */,
				48BC91F02B16CE0A008D10C6 /* Release */,
			);
			defaultConfigurationIsVisible = 0;
			defaultConfigurationName = Release;
		};
		48BC91F12B16CE0A008D10C6 /* Build configuration list for PBXNativeTarget "GreenCycle" */ = {
			isa = XCConfigurationList;
			buildConfigurations = (
				48BC91F22B16CE0A008D10C6 /* Debug */,
				48BC91F32B16CE0A008D10C6 /* Release */,
			);
			defaultConfigurationIsVisible = 0;
			defaultConfigurationName = Release;
		};
		48BC91F42B16CE0A008D10C6 /* Build configuration list for PBXNativeTarget "GreenCycleTests" */ = {
			isa = XCConfigurationList;
			buildConfigurations = (
				48BC91F52B16CE0A008D10C6 /* Debug */,
				48BC91F62B16CE0A008D10C6 /* Release */,
			);
			defaultConfigurationIsVisible = 0;
			defaultConfigurationName = Release;
		};
		48BC91F72B16CE0A008D10C6 /* Build configuration list for PBXNativeTarget "GreenCycleUITests" */ = {
			isa = XCConfigurationList;
			buildConfigurations = (
				48BC91F82B16CE0A008D10C6 /* Debug */,
				48BC91F92B16CE0A008D10C6 /* Release */,
			);
			defaultConfigurationIsVisible = 0;
			defaultConfigurationName = Release;
		};
/* End XCConfigurationList section */

/* Begin XCRemoteSwiftPackageReference section */
		481431502B1B18F90018EF44 /* XCRemoteSwiftPackageReference "NMapsMap" */ = {
			isa = XCRemoteSwiftPackageReference;
			repositoryURL = "https://github.com/jaemyeong/NMapsMap";
			requirement = {
				kind = upToNextMajorVersion;
				minimumVersion = 3.17.0;
			};
		};
/* End XCRemoteSwiftPackageReference section */

/* Begin XCSwiftPackageProductDependency section */
		481431512B1B18F90018EF44 /* NMapsMap */ = {
			isa = XCSwiftPackageProductDependency;
			package = 481431502B1B18F90018EF44 /* XCRemoteSwiftPackageReference "NMapsMap" */;
			productName = NMapsMap;
		};
/* End XCSwiftPackageProductDependency section */
	};
	rootObject = 48BC91BF2B16CE09008D10C6 /* Project object */;
}
